
Microsoft Visual Studio Solution File, Format Version 12.00
# Visual Studio Version 17
VisualStudioVersion = 17.11.35219.272
MinimumVisualStudioVersion = 10.0.40219.1
Project("{FAE04EC0-301F-11D3-BF4B-00C04F79EFBC}") = "upgift 2.2", "upgift 2.2\upgift 2.2.csproj", "{8C9095E5-36C4-4884-ADAF-5BF2798041E8}"
EndProject
Global
	GlobalSection(SolutionConfigurationPlatforms) = preSolution
		Debug|Any CPU = Debug|Any CPU
		Release|Any CPU = Release|Any CPU
	EndGlobalSection
	GlobalSection(ProjectConfigurationPlatforms) = postSolution
		{8C9095E5-36C4-4884-ADAF-5BF2798041E8}.Debug|Any CPU.ActiveCfg = Debug|Any CPU
		{8C9095E5-36C4-4884-ADAF-5BF2798041E8}.Debug|Any CPU.Build.0 = Debug|Any CPU
		{8C9095E5-36C4-4884-ADAF-5BF2798041E8}.Release|Any CPU.ActiveCfg = Release|Any CPU
		{8C9095E5-36C4-4884-ADAF-5BF2798041E8}.Release|Any CPU.Build.0 = Release|Any CPU
	EndGlobalSection
	GlobalSection(SolutionProperties) = preSolution
		HideSolutionNode = FALSE
	EndGlobalSection
	GlobalSection(ExtensibilityGlobals) = postSolution
		SolutionGuid = {96A5E90D-C203-4184-8BBC-25EF17E4E49F}
	EndGlobalSection
EndGlobal
